
Microsoft Visual Studio Solution File, Format Version 12.00
# Visual Studio Version 16
VisualStudioVersion = 16.0.29025.244
MinimumVisualStudioVersion = 10.0.40219.1
Project("{9A19103F-16F7-4668-BE54-9A1E7A4F7556}") = "CalculadoraDeJuros.Api", "CalculadoraDeJurosApi\CalculadoraDeJuros.Api.csproj", "{1F3E857B-AF54-4FE3-AE56-A03960B48373}"
EndProject
Global
	GlobalSection(SolutionConfigurationPlatforms) = preSolution
		Debug|Any CPU = Debug|Any CPU
		Release|Any CPU = Release|Any CPU
	EndGlobalSection
	GlobalSection(ProjectConfigurationPlatforms) = postSolution
		{1F3E857B-AF54-4FE3-AE56-A03960B48373}.Debug|Any CPU.ActiveCfg = Debug|Any CPU
		{1F3E857B-AF54-4FE3-AE56-A03960B48373}.Debug|Any CPU.Build.0 = Debug|Any CPU
		{1F3E857B-AF54-4FE3-AE56-A03960B48373}.Release|Any CPU.ActiveCfg = Release|Any CPU
		{1F3E857B-AF54-4FE3-AE56-A03960B48373}.Release|Any CPU.Build.0 = Release|Any CPU
	EndGlobalSection
	GlobalSection(SolutionProperties) = preSolution
		HideSolutionNode = FALSE
	EndGlobalSection
	GlobalSection(ExtensibilityGlobals) = postSolution
		SolutionGuid = {3EC6BEDA-D149-4A1D-80B6-21A861AF47F4}
	EndGlobalSection
EndGlobal
