
Microsoft Visual Studio Solution File, Format Version 12.00
# Visual Studio Version 16
VisualStudioVersion = 16.0.29025.244
MinimumVisualStudioVersion = 10.0.40219.1
Project("{9A19103F-16F7-4668-BE54-9A1E7A4F7556}") = "Management.Interest.Api", "Management.Interest.Api\Management.Interest.Api.csproj", "{0671E2F4-349A-4C18-9E53-22644E6FF04A}"
EndProject
Project("{2150E333-8FDC-42A3-9474-1A3956D46DE8}") = "1 - Presentation", "1 - Presentation", "{75DC5E85-9B32-46B4-9B98-01E2EEF058E4}"
EndProject
Project("{2150E333-8FDC-42A3-9474-1A3956D46DE8}") = "2 - Domain", "2 - Domain", "{87263873-698F-43FC-A9A2-741374720084}"
EndProject
Project("{2150E333-8FDC-42A3-9474-1A3956D46DE8}") = "3 - Infrastructure", "3 - Infrastructure", "{18ECE062-EF07-4B70-A93B-908801296DE7}"
EndProject
Project("{2150E333-8FDC-42A3-9474-1A3956D46DE8}") = "4 - CrossCutting", "4 - CrossCutting", "{F36FB4C1-5DAD-4B20-A5A7-0822FE0A812A}"
EndProject
Project("{2150E333-8FDC-42A3-9474-1A3956D46DE8}") = "5 - Tests", "5 - Tests", "{759FAF16-F5F9-4417-A5B6-57B2D7DA727D}"
EndProject
Project("{9A19103F-16F7-4668-BE54-9A1E7A4F7556}") = "Management.Interest.Domain", "Management.Interest.Domain\Management.Interest.Domain.csproj", "{2672A836-D831-473C-9423-083C5A754BB3}"
EndProject
Project("{9A19103F-16F7-4668-BE54-9A1E7A4F7556}") = "Management.Interest.Infrastructure.Data.Query", "Management.Interest.Infrastructure.Data.Query\Management.Interest.Infrastructure.Data.Query.csproj", "{81B2DE68-C57C-43E9-8539-DF646DB4FFC4}"
EndProject
Project("{9A19103F-16F7-4668-BE54-9A1E7A4F7556}") = "Management.Interest.Infrastructure.Service", "Management.Interest.Infrastructure.Service\Management.Interest.Infrastructure.Service.csproj", "{49C9516F-C4DD-4E0A-8FD2-F5A53660E4DB}"
EndProject
Project("{9A19103F-16F7-4668-BE54-9A1E7A4F7556}") = "Management.Interest.CrossCutting.Configuration", "Management.Interest.CrossCutting.Configuration\Management.Interest.CrossCutting.Configuration.csproj", "{21CBF636-BDEC-4A2D-981C-F55FC04248BF}"
EndProject
Project("{9A19103F-16F7-4668-BE54-9A1E7A4F7556}") = "Management.Interest.CrossCutting.Exception", "Management.Interest.CrossCutting.Exception\Management.Interest.CrossCutting.Exception.csproj", "{B054126C-B044-4D89-BBAA-EA56E5FDBD28}"
EndProject
Global
	GlobalSection(SolutionConfigurationPlatforms) = preSolution
		Debug|Any CPU = Debug|Any CPU
		Release|Any CPU = Release|Any CPU
	EndGlobalSection
	GlobalSection(ProjectConfigurationPlatforms) = postSolution
		{0671E2F4-349A-4C18-9E53-22644E6FF04A}.Debug|Any CPU.ActiveCfg = Debug|Any CPU
		{0671E2F4-349A-4C18-9E53-22644E6FF04A}.Debug|Any CPU.Build.0 = Debug|Any CPU
		{0671E2F4-349A-4C18-9E53-22644E6FF04A}.Release|Any CPU.ActiveCfg = Release|Any CPU
		{0671E2F4-349A-4C18-9E53-22644E6FF04A}.Release|Any CPU.Build.0 = Release|Any CPU
		{2672A836-D831-473C-9423-083C5A754BB3}.Debug|Any CPU.ActiveCfg = Debug|Any CPU
		{2672A836-D831-473C-9423-083C5A754BB3}.Debug|Any CPU.Build.0 = Debug|Any CPU
		{2672A836-D831-473C-9423-083C5A754BB3}.Release|Any CPU.ActiveCfg = Release|Any CPU
		{2672A836-D831-473C-9423-083C5A754BB3}.Release|Any CPU.Build.0 = Release|Any CPU
		{81B2DE68-C57C-43E9-8539-DF646DB4FFC4}.Debug|Any CPU.ActiveCfg = Debug|Any CPU
		{81B2DE68-C57C-43E9-8539-DF646DB4FFC4}.Debug|Any CPU.Build.0 = Debug|Any CPU
		{81B2DE68-C57C-43E9-8539-DF646DB4FFC4}.Release|Any CPU.ActiveCfg = Release|Any CPU
		{81B2DE68-C57C-43E9-8539-DF646DB4FFC4}.Release|Any CPU.Build.0 = Release|Any CPU
		{49C9516F-C4DD-4E0A-8FD2-F5A53660E4DB}.Debug|Any CPU.ActiveCfg = Debug|Any CPU
		{49C9516F-C4DD-4E0A-8FD2-F5A53660E4DB}.Debug|Any CPU.Build.0 = Debug|Any CPU
		{49C9516F-C4DD-4E0A-8FD2-F5A53660E4DB}.Release|Any CPU.ActiveCfg = Release|Any CPU
		{49C9516F-C4DD-4E0A-8FD2-F5A53660E4DB}.Release|Any CPU.Build.0 = Release|Any CPU
		{21CBF636-BDEC-4A2D-981C-F55FC04248BF}.Debug|Any CPU.ActiveCfg = Debug|Any CPU
		{21CBF636-BDEC-4A2D-981C-F55FC04248BF}.Debug|Any CPU.Build.0 = Debug|Any CPU
		{21CBF636-BDEC-4A2D-981C-F55FC04248BF}.Release|Any CPU.ActiveCfg = Release|Any CPU
		{21CBF636-BDEC-4A2D-981C-F55FC04248BF}.Release|Any CPU.Build.0 = Release|Any CPU
		{B054126C-B044-4D89-BBAA-EA56E5FDBD28}.Debug|Any CPU.ActiveCfg = Debug|Any CPU
		{B054126C-B044-4D89-BBAA-EA56E5FDBD28}.Debug|Any CPU.Build.0 = Debug|Any CPU
		{B054126C-B044-4D89-BBAA-EA56E5FDBD28}.Release|Any CPU.ActiveCfg = Release|Any CPU
		{B054126C-B044-4D89-BBAA-EA56E5FDBD28}.Release|Any CPU.Build.0 = Release|Any CPU
	EndGlobalSection
	GlobalSection(SolutionProperties) = preSolution
		HideSolutionNode = FALSE
	EndGlobalSection
	GlobalSection(NestedProjects) = preSolution
		{0671E2F4-349A-4C18-9E53-22644E6FF04A} = {75DC5E85-9B32-46B4-9B98-01E2EEF058E4}
		{2672A836-D831-473C-9423-083C5A754BB3} = {87263873-698F-43FC-A9A2-741374720084}
		{81B2DE68-C57C-43E9-8539-DF646DB4FFC4} = {18ECE062-EF07-4B70-A93B-908801296DE7}
		{49C9516F-C4DD-4E0A-8FD2-F5A53660E4DB} = {18ECE062-EF07-4B70-A93B-908801296DE7}
		{21CBF636-BDEC-4A2D-981C-F55FC04248BF} = {F36FB4C1-5DAD-4B20-A5A7-0822FE0A812A}
		{B054126C-B044-4D89-BBAA-EA56E5FDBD28} = {F36FB4C1-5DAD-4B20-A5A7-0822FE0A812A}
	EndGlobalSection
	GlobalSection(ExtensibilityGlobals) = postSolution
		SolutionGuid = {3EC6BEDA-D149-4A1D-80B6-21A861AF47F4}
	EndGlobalSection
EndGlobal
